PODS:
  - HCSStarRatingView (1.5)
  - QuadratTouch (1.1.3)

DEPENDENCIES:
  - HCSStarRatingView (~> 1.5)
  - QuadratTouch (from `https://github.com/Constantine-Fry/das-quadrat`, branch `fry-swift30`)

EXTERNAL SOURCES:
  QuadratTouch:
    :branch: fry-swift30
    :git: https://github.com/Constantine-Fry/das-quadrat

CHECKOUT OPTIONS:
  QuadratTouch:
    :commit: d110fa68e4adee64abf8d8cc2c304fc4a490c20e
    :git: https://github.com/Constantine-Fry/das-quadrat

SPEC CHECKSUMS:
  HCSStarRatingView: 1d18f79654735514cd6f00e6d90e38cb6320dc31
  QuadratTouch: 9e311cbd4f0573b58cafe6783df1fa7ce2458afa

PODFILE CHECKSUM: 5304a875d6e4506b3c6691c2a0c81b4bc37d2792

COCOAPODS: 1.2.0
